{
  "nodes": {
    "cargo-clean-all": {
      "flake": false,
      "locked": {
        "lastModified": 1703528664,
        "narHash": "sha256-rNwAzpBUAFDt6SpVi1htAMTB7TUD4YqpxJkd3hYCPAQ=",
        "owner": "dnlmlr",
        "repo": "cargo-clean-all",
        "rev": "21b0d4a451629f1f9073dbab8b32a6de85b33f75",
        "type": "github"
      },
      "original": {
        "owner": "dnlmlr",
        "ref": "v0.6.2",
        "repo": "cargo-clean-all",
        "type": "github"
      }
    },
    "fenix": {
      "inputs": {
        "nixpkgs": [
          "nixpkgs"
        ],
        "rust-analyzer-src": "rust-analyzer-src"
      },
      "locked": {
        "lastModified": 1717223092,
        "narHash": "sha256-ih8NPk3Jn5EAILOGQZ+KS5NLmu6QmwohJX+36MaTAQE=",
        "owner": "nix-community",
        "repo": "fenix",
        "rev": "9a025daf6799e3af80b677f0af57ef76432c3fcf",
        "type": "github"
      },
      "original": {
        "owner": "nix-community",
        "ref": "monthly",
        "repo": "fenix",
        "type": "github"
      }
    },
    "flake-utils": {
      "inputs": {
        "systems": "systems"
      },
      "locked": {
        "lastModified": 1710146030,
        "narHash": "sha256-SZ5L6eA7HJ/nmkzGG7/ISclqe6oZdOZTNoesiInkXPQ=",
        "owner": "numtide",
        "repo": "flake-utils",
        "rev": "b1d9ab70662946ef0850d488da1c9019f3a9752a",
        "type": "github"
      },
      "original": {
        "owner": "numtide",
        "repo": "flake-utils",
        "type": "github"
      }
    },
    "home-manager": {
      "inputs": {
        "nixpkgs": [
          "nixpkgs"
        ]
      },
      "locked": {
        "lastModified": 1716729592,
        "narHash": "sha256-Y3bOjoh2cFBqZN0Jw1zUdyr7tjygyxl2bD/QY73GZP0=",
        "owner": "nix-community",
        "repo": "home-manager",
        "rev": "2c78a57c544dd19b07442350727ced097e1aa6e6",
        "type": "github"
      },
      "original": {
        "owner": "nix-community",
        "ref": "release-23.11",
        "repo": "home-manager",
        "type": "github"
      }
    },
    "mise": {
      "flake": false,
      "locked": {
        "lastModified": 1704631376,
        "narHash": "sha256-JzZMxu1/+TmbtEOkOCF7iEKi0CKh8/CZt8rgxZz8n50=",
        "owner": "jdx",
        "repo": "mise",
        "rev": "3750934ae3b3e367b62b0c4a33aaa103cba894f3",
        "type": "github"
      },
      "original": {
        "owner": "jdx",
        "ref": "v2024.1.12",
        "repo": "mise",
        "type": "github"
      }
    },
    "nixpkgs": {
      "locked": {
        "lastModified": 1717356693,
        "narHash": "sha256-u/dJNtjgpA34hEOxfCKM3IqXwnBKibhNjpgb8+MEFok=",
        "owner": "nixos",
        "repo": "nixpkgs",
        "rev": "4ce4e7b286a59789003ed05b1e8c40d2218e84f2",
        "type": "github"
      },
      "original": {
        "owner": "nixos",
        "ref": "release-23.11",
        "repo": "nixpkgs",
        "type": "github"
      }
    },
    "root": {
      "inputs": {
        "cargo-clean-all": "cargo-clean-all",
        "fenix": "fenix",
        "flake-utils": "flake-utils",
        "home-manager": "home-manager",
        "mise": "mise",
        "nixpkgs": "nixpkgs",
        "sheldon": "sheldon"
      }
    },
    "rust-analyzer-src": {
      "flake": false,
      "locked": {
        "lastModified": 1717169693,
        "narHash": "sha256-qBruki5NHrSqIw5ulxtwFmVsb6W/aOKOMjsCJjfalA4=",
        "owner": "rust-lang",
        "repo": "rust-analyzer",
        "rev": "d6d735e6f20ef78b16a79886fe28bd69cf059504",
        "type": "github"
      },
      "original": {
        "owner": "rust-lang",
        "ref": "nightly",
        "repo": "rust-analyzer",
        "type": "github"
      }
    },
    "sheldon": {
      "flake": false,
      "locked": {
        "lastModified": 1700397504,
        "narHash": "sha256-foIC60cD2U8/w40CVEgloa6lPKq/+dml70rBroY5p7Q=",
        "owner": "rossmacarthur",
        "repo": "sheldon",
        "rev": "9a56dcfc79c6e9f9bcf8480c162c50db013bb172",
        "type": "github"
      },
      "original": {
        "owner": "rossmacarthur",
        "ref": "0.7.4",
        "repo": "sheldon",
        "type": "github"
      }
    },
    "systems": {
      "locked": {
        "lastModified": 1681028828,
        "narHash": "sha256-Vy1rq5AaRuLzOxct8nz4T6wlgyUR7zLU309k9mBC768=",
        "owner": "nix-systems",
        "repo": "default",
        "rev": "da67096a3b9bf56a91d16901293e51ba5b49a27e",
        "type": "github"
      },
      "original": {
        "owner": "nix-systems",
        "repo": "default",
        "type": "github"
      }
    }
  },
  "root": "root",
  "version": 7
}
