{
  "nodes": {
    "cargo-clean-all": {
      "flake": false,
      "locked": {
        "lastModified": 1703528664,
        "narHash": "sha256-rNwAzpBUAFDt6SpVi1htAMTB7TUD4YqpxJkd3hYCPAQ=",
        "owner": "dnlmlr",
        "repo": "cargo-clean-all",
        "rev": "21b0d4a451629f1f9073dbab8b32a6de85b33f75",
        "type": "github"
      },
      "original": {
        "owner": "dnlmlr",
        "ref": "v0.6.2",
        "repo": "cargo-clean-all",
        "type": "github"
      }
    },
    "fenix": {
      "inputs": {
        "nixpkgs": [
          "nixpkgs"
        ],
        "rust-analyzer-src": "rust-analyzer-src"
      },
      "locked": {
        "lastModified": 1714544767,
        "narHash": "sha256-kF1bX+YFMedf1g0PAJYwGUkzh22JmULtj8Rm4IXAQKs=",
        "owner": "nix-community",
        "repo": "fenix",
        "rev": "73124e1356bde9411b163d636b39fe4804b7ca45",
        "type": "github"
      },
      "original": {
        "owner": "nix-community",
        "ref": "monthly",
        "repo": "fenix",
        "type": "github"
      }
    },
    "flake-utils": {
      "inputs": {
        "systems": "systems"
      },
      "locked": {
        "lastModified": 1710146030,
        "narHash": "sha256-SZ5L6eA7HJ/nmkzGG7/ISclqe6oZdOZTNoesiInkXPQ=",
        "owner": "numtide",
        "repo": "flake-utils",
        "rev": "b1d9ab70662946ef0850d488da1c9019f3a9752a",
        "type": "github"
      },
      "original": {
        "owner": "numtide",
        "repo": "flake-utils",
        "type": "github"
      }
    },
    "home-manager": {
      "inputs": {
        "nixpkgs": [
          "nixpkgs"
        ]
      },
      "locked": {
        "lastModified": 1716729592,
        "narHash": "sha256-Y3bOjoh2cFBqZN0Jw1zUdyr7tjygyxl2bD/QY73GZP0=",
        "owner": "nix-community",
        "repo": "home-manager",
        "rev": "2c78a57c544dd19b07442350727ced097e1aa6e6",
        "type": "github"
      },
      "original": {
        "owner": "nix-community",
        "ref": "release-23.11",
        "repo": "home-manager",
        "type": "github"
      }
    },
    "mise": {
      "flake": false,
      "locked": {
        "lastModified": 1704631376,
        "narHash": "sha256-JzZMxu1/+TmbtEOkOCF7iEKi0CKh8/CZt8rgxZz8n50=",
        "owner": "jdx",
        "repo": "mise",
        "rev": "3750934ae3b3e367b62b0c4a33aaa103cba894f3",
        "type": "github"
      },
      "original": {
        "owner": "jdx",
        "ref": "v2024.1.12",
        "repo": "mise",
        "type": "github"
      }
    },
    "nixpkgs": {
      "locked": {
        "lastModified": 1716767563,
        "narHash": "sha256-xaSLDTqKIU55HsCkDnzFKmPiJO2z1xAAvrhUlwlmT2M=",
        "owner": "nixos",
        "repo": "nixpkgs",
        "rev": "0c007b36981bdbd69ccf0c7df30a174e63660667",
        "type": "github"
      },
      "original": {
        "owner": "nixos",
        "ref": "release-23.11",
        "repo": "nixpkgs",
        "type": "github"
      }
    },
    "root": {
      "inputs": {
        "cargo-clean-all": "cargo-clean-all",
        "fenix": "fenix",
        "flake-utils": "flake-utils",
        "home-manager": "home-manager",
        "mise": "mise",
        "nixpkgs": "nixpkgs",
        "sheldon": "sheldon"
      }
    },
    "rust-analyzer-src": {
      "flake": false,
      "locked": {
        "lastModified": 1714501997,
        "narHash": "sha256-g31zfxwUFzkPgX0Q8sZLcrqGmOxwjEZ/iqJjNx4fEGo=",
        "owner": "rust-lang",
        "repo": "rust-analyzer",
        "rev": "49e502b277a8126a9ad10c802d1aaa3ef1a280ef",
        "type": "github"
      },
      "original": {
        "owner": "rust-lang",
        "ref": "nightly",
        "repo": "rust-analyzer",
        "type": "github"
      }
    },
    "sheldon": {
      "flake": false,
      "locked": {
        "lastModified": 1700397504,
        "narHash": "sha256-foIC60cD2U8/w40CVEgloa6lPKq/+dml70rBroY5p7Q=",
        "owner": "rossmacarthur",
        "repo": "sheldon",
        "rev": "9a56dcfc79c6e9f9bcf8480c162c50db013bb172",
        "type": "github"
      },
      "original": {
        "owner": "rossmacarthur",
        "ref": "0.7.4",
        "repo": "sheldon",
        "type": "github"
      }
    },
    "systems": {
      "locked": {
        "lastModified": 1681028828,
        "narHash": "sha256-Vy1rq5AaRuLzOxct8nz4T6wlgyUR7zLU309k9mBC768=",
        "owner": "nix-systems",
        "repo": "default",
        "rev": "da67096a3b9bf56a91d16901293e51ba5b49a27e",
        "type": "github"
      },
      "original": {
        "owner": "nix-systems",
        "repo": "default",
        "type": "github"
      }
    }
  },
  "root": "root",
  "version": 7
}
